
Microsoft Visual Studio Solution File, Format Version 12.00
# Visual Studio Version 17
VisualStudioVersion = 17.5.33516.290
MinimumVisualStudioVersion = 10.0.40219.1
Project("{9A19103F-16F7-4668-BE54-9A1E7A4F7556}") = "Lemurrr", "Lemurrr\Lemurrr.csproj", "{EFE76231-A798-424E-8AFE-A86DCFB759BE}"
EndProject
Global
	GlobalSection(SolutionConfigurationPlatforms) = preSolution
		Debug|Any CPU = Debug|Any CPU
		Release|Any CPU = Release|Any CPU
	EndGlobalSection
	GlobalSection(ProjectConfigurationPlatforms) = postSolution
		{EFE76231-A798-424E-8AFE-A86DCFB759BE}.Debug|Any CPU.ActiveCfg = Debug|Any CPU
		{EFE76231-A798-424E-8AFE-A86DCFB759BE}.Debug|Any CPU.Build.0 = Debug|Any CPU
		{EFE76231-A798-424E-8AFE-A86DCFB759BE}.Release|Any CPU.ActiveCfg = Release|Any CPU
		{EFE76231-A798-424E-8AFE-A86DCFB759BE}.Release|Any CPU.Build.0 = Release|Any CPU
	EndGlobalSection
	GlobalSection(SolutionProperties) = preSolution
		HideSolutionNode = FALSE
	EndGlobalSection
	GlobalSection(ExtensibilityGlobals) = postSolution
		SolutionGuid = {C22E4412-5CCA-4771-98D8-03A7F3A09070}
	EndGlobalSection
EndGlobal
